// !$*UTF8*$!
{
	archiveVersion = 1;
	classes = {
	};
	objectVersion = 46;
	objects = {

/* Begin PBXBuildFile section */
		A1103C4714205F5100989F5F /* WebKit.framework in Frameworks */ = {isa = PBXBuildFile; fileRef = A1103C4614205F5100989F5F /* WebKit.framework */; };
		A189407114204B3C005A8AC4 /* Cocoa.framework in Frameworks */ = {isa = PBXBuildFile; fileRef = A189407014204B3C005A8AC4 /* Cocoa.framework */; };
		A189407B14204B3C005A8AC4 /* InfoPlist.strings in Resources */ = {isa = PBXBuildFile; fileRef = A189407914204B3C005A8AC4 /* InfoPlist.strings */; };
		A189407D14204B3C005A8AC4 /* main.m in Sources */ = {isa = PBXBuildFile; fileRef = A189407C14204B3C005A8AC4 /* main.m */; };
		A189408114204B3C005A8AC4 /* Credits.rtf in Resources */ = {isa = PBXBuildFile; fileRef = A189407F14204B3C005A8AC4 /* Credits.rtf */; };
		A189408414204B3C005A8AC4 /* BYOB4AppDelegate.m in Sources */ = {isa = PBXBuildFile; fileRef = A189408314204B3C005A8AC4 /* BYOB4AppDelegate.m */; };
		A189408714204B3C005A8AC4 /* MainMenu.xib in Resources */ = {isa = PBXBuildFile; fileRef = A189408514204B3C005A8AC4 /* MainMenu.xib */; };
		A1894092142051EB005A8AC4 /* BYOB4controller.mm in Sources */ = {isa = PBXBuildFile; fileRef = A1894091142051EB005A8AC4 /* BYOB4controller.mm */; };
/* End PBXBuildFile section */

/* Begin PBXFileReference section */
		A1103C4614205F5100989F5F /* WebKit.framework */ = {isa = PBXFileReference; lastKnownFileType = wrapper.framework; name = WebKit.framework; path = System/Library/Frameworks/WebKit.framework; sourceTree = SDKROOT; };
		A189406C14204B3C005A8AC4 /* BYOB4.app */ = {isa = PBXFileReference; explicitFileType = wrapper.application; includeInIndex = 0; path = BYOB4.app; sourceTree = BUILT_PRODUCTS_DIR; };
		A189407014204B3C005A8AC4 /* Cocoa.framework */ = {isa = PBXFileReference; lastKnownFileType = wrapper.framework; name = Cocoa.framework; path = System/Library/Frameworks/Cocoa.framework; sourceTree = SDKROOT; };
		A189407314204B3C005A8AC4 /* AppKit.framework */ = {isa = PBXFileReference; lastKnownFileType = wrapper.framework; name = AppKit.framework; path = System/Library/Frameworks/AppKit.framework; sourceTree = SDKROOT; };
		A189407414204B3C005A8AC4 /* CoreData.framework */ = {isa = PBXFileReference; lastKnownFileType = wrapper.framework; name = CoreData.framework; path = System/Library/Frameworks/CoreData.framework; sourceTree = SDKROOT; };
		A189407514204B3C005A8AC4 /* Foundation.framework */ = {isa = PBXFileReference; lastKnownFileType = wrapper.framework; name = Foundation.framework; path = System/Library/Frameworks/Foundation.framework; sourceTree = SDKROOT; };
		A189407814204B3C005A8AC4 /* BYOB4-Info.plist */ = {isa = PBXFileReference; lastKnownFileType = text.plist.xml; path = "BYOB4-Info.plist"; sourceTree = "<group>"; };
		A189407A14204B3C005A8AC4 /* en */ = {isa = PBXFileReference; lastKnownFileType = text.plist.strings; name = en; path = en.lproj/InfoPlist.strings; sourceTree = "<group>"; };
		A189407C14204B3C005A8AC4 /* main.m */ = {isa = PBXFileReference; lastKnownFileType = sourcecode.c.objc; path = main.m; sourceTree = "<group>"; };
		A189407E14204B3C005A8AC4 /* BYOB4-Prefix.pch */ = {isa = PBXFileReference; lastKnownFileType = sourcecode.c.h; path = "BYOB4-Prefix.pch"; sourceTree = "<group>"; };
		A189408014204B3C005A8AC4 /* en */ = {isa = PBXFileReference; lastKnownFileType = text.rtf; name = en; path = en.lproj/Credits.rtf; sourceTree = "<group>"; };
		A189408214204B3C005A8AC4 /* BYOB4AppDelegate.h */ = {isa = PBXFileReference; lastKnownFileType = sourcecode.c.h; path = BYOB4AppDelegate.h; sourceTree = "<group>"; };
		A189408314204B3C005A8AC4 /* BYOB4AppDelegate.m */ = {isa = PBXFileReference; lastKnownFileType = sourcecode.c.objc; path = BYOB4AppDelegate.m; sourceTree = "<group>"; };
		A189408614204B3C005A8AC4 /* en */ = {isa = PBXFileReference; lastKnownFileType = file.xib; name = en; path = en.lproj/MainMenu.xib; sourceTree = "<group>"; };
		A1894090142051EB005A8AC4 /* BYOB4controller.h */ = {isa = PBXFileReference; fileEncoding = 4; lastKnownFileType = sourcecode.c.h; name = BYOB4controller.h; path = ../../BYOB4controller.h; sourceTree = "<group>"; };
		A1894091142051EB005A8AC4 /* BYOB4controller.mm */ = {isa = PBXFileReference; fileEncoding = 4; lastKnownFileType = sourcecode.cpp.objcpp; name = BYOB4controller.mm; path = ../../BYOB4controller.mm; sourceTree = "<group>"; };
/* End PBXFileReference section */

/* Begin PBXFrameworksBuildPhase section */
		A189406914204B3C005A8AC4 /* Frameworks */ = {
			isa = PBXFrameworksBuildPhase;
			buildActionMask = 2147483647;
			files = (
				A1103C4714205F5100989F5F /* WebKit.framework in Frameworks */,
				A189407114204B3C005A8AC4 /* Cocoa.framework in Frameworks */,
			);
			runOnlyForDeploymentPostprocessing = 0;
		};
/* End PBXFrameworksBuildPhase section */

/* Begin PBXGroup section */
		A189406114204B3C005A8AC4 = {
			isa = PBXGroup;
			children = (
				A189407614204B3C005A8AC4 /* BYOB4 */,
				A189406F14204B3C005A8AC4 /* Frameworks */,
				A189406D14204B3C005A8AC4 /* Products */,
			);
			sourceTree = "<group>";
		};
		A189406D14204B3C005A8AC4 /* Products */ = {
			isa = PBXGroup;
			children = (
				A189406C14204B3C005A8AC4 /* BYOB4.app */,
			);
			name = Products;
			sourceTree = "<group>";
		};
		A189406F14204B3C005A8AC4 /* Frameworks */ = {
			isa = PBXGroup;
			children = (
				A1103C4614205F5100989F5F /* WebKit.framework */,
				A189407014204B3C005A8AC4 /* Cocoa.framework */,
				A189407214204B3C005A8AC4 /* Other Frameworks */,
			);
			name = Frameworks;
			sourceTree = "<group>";
		};
		A189407214204B3C005A8AC4 /* Other Frameworks */ = {
			isa = PBXGroup;
			children = (
				A189407314204B3C005A8AC4 /* AppKit.framework */,
				A189407414204B3C005A8AC4 /* CoreData.framework */,
				A189407514204B3C005A8AC4 /* Foundation.framework */,
			);
			name = "Other Frameworks";
			sourceTree = "<group>";
		};
		A189407614204B3C005A8AC4 /* BYOB4 */ = {
			isa = PBXGroup;
			children = (
				A1894090142051EB005A8AC4 /* BYOB4controller.h */,
				A1894091142051EB005A8AC4 /* BYOB4controller.mm */,
				A189408214204B3C005A8AC4 /* BYOB4AppDelegate.h */,
				A189408314204B3C005A8AC4 /* BYOB4AppDelegate.m */,
				A189408514204B3C005A8AC4 /* MainMenu.xib */,
				A189407714204B3C005A8AC4 /* Supporting Files */,
			);
			path = BYOB4;
			sourceTree = "<group>";
		};
		A189407714204B3C005A8AC4 /* Supporting Files */ = {
			isa = PBXGroup;
			children = (
				A189407814204B3C005A8AC4 /* BYOB4-Info.plist */,
				A189407914204B3C005A8AC4 /* InfoPlist.strings */,
				A189407C14204B3C005A8AC4 /* main.m */,
				A189407E14204B3C005A8AC4 /* BYOB4-Prefix.pch */,
				A189407F14204B3C005A8AC4 /* Credits.rtf */,
			);
			name = "Supporting Files";
			sourceTree = "<group>";
		};
/* End PBXGroup section */

/* Begin PBXNativeTarget section */
		A189406B14204B3C005A8AC4 /* BYOB4 */ = {
			isa = PBXNativeTarget;
			buildConfigurationList = A189408A14204B3C005A8AC4 /* Build configuration list for PBXNativeTarget "BYOB4" */;
			buildPhases = (
				A189406814204B3C005A8AC4 /* Sources */,
				A189406914204B3C005A8AC4 /* Frameworks */,
				A189406A14204B3C005A8AC4 /* Resources */,
			);
			buildRules = (
			);
			dependencies = (
			);
			name = BYOB4;
			productName = BYOB4;
			productReference = A189406C14204B3C005A8AC4 /* BYOB4.app */;
			productType = "com.apple.product-type.application";
		};
/* End PBXNativeTarget section */

/* Begin PBXProject section */
		A189406314204B3C005A8AC4 /* Project object */ = {
			isa = PBXProject;
			buildConfigurationList = A189406614204B3C005A8AC4 /* Build configuration list for PBXProject "BYOB4" */;
			compatibilityVersion = "Xcode 3.2";
			developmentRegion = English;
			hasScannedForEncodings = 0;
			knownRegions = (
				en,
			);
			mainGroup = A189406114204B3C005A8AC4;
			productRefGroup = A189406D14204B3C005A8AC4 /* Products */;
			projectDirPath = "";
			projectRoot = "";
			targets = (
				A189406B14204B3C005A8AC4 /* BYOB4 */,
			);
		};
/* End PBXProject section */

/* Begin PBXResourcesBuildPhase section */
		A189406A14204B3C005A8AC4 /* Resources */ = {
			isa = PBXResourcesBuildPhase;
			buildActionMask = 2147483647;
			files = (
				A189407B14204B3C005A8AC4 /* InfoPlist.strings in Resources */,
				A189408114204B3C005A8AC4 /* Credits.rtf in Resources */,
				A189408714204B3C005A8AC4 /* MainMenu.xib in Resources */,
			);
			runOnlyForDeploymentPostprocessing = 0;
		};
/* End PBXResourcesBuildPhase section */

/* Begin PBXSourcesBuildPhase section */
		A189406814204B3C005A8AC4 /* Sources */ = {
			isa = PBXSourcesBuildPhase;
			buildActionMask = 2147483647;
			files = (
				A189407D14204B3C005A8AC4 /* main.m in Sources */,
				A189408414204B3C005A8AC4 /* BYOB4AppDelegate.m in Sources */,
				A1894092142051EB005A8AC4 /* BYOB4controller.mm in Sources */,
			);
			runOnlyForDeploymentPostprocessing = 0;
		};
/* End PBXSourcesBuildPhase section */

/* Begin PBXVariantGroup section */
		A189407914204B3C005A8AC4 /* InfoPlist.strings */ = {
			isa = PBXVariantGroup;
			children = (
				A189407A14204B3C005A8AC4 /* en */,
			);
			name = InfoPlist.strings;
			sourceTree = "<group>";
		};
		A189407F14204B3C005A8AC4 /* Credits.rtf */ = {
			isa = PBXVariantGroup;
			children = (
				A189408014204B3C005A8AC4 /* en */,
			);
			name = Credits.rtf;
			sourceTree = "<group>";
		};
		A189408514204B3C005A8AC4 /* MainMenu.xib */ = {
			isa = PBXVariantGroup;
			children = (
				A189408614204B3C005A8AC4 /* en */,
			);
			name = MainMenu.xib;
			sourceTree = "<group>";
		};
/* End PBXVariantGroup section */

/* Begin XCBuildConfiguration section */
		A189408814204B3C005A8AC4 /* Debug */ = {
			isa = XCBuildConfiguration;
			buildSettings = {
				ALWAYS_SEARCH_USER_PATHS = NO;
				ARCHS = "$(ARCHS_STANDARD_64_BIT)";
				COPY_PHASE_STRIP = NO;
				GCC_C_LANGUAGE_STANDARD = gnu99;
				GCC_DYNAMIC_NO_PIC = NO;
				GCC_ENABLE_OBJC_EXCEPTIONS = YES;
				GCC_OPTIMIZATION_LEVEL = 0;
				GCC_PREPROCESSOR_DEFINITIONS = (
					"DEBUG=1",
					"$(inherited)",
				);
				GCC_SYMBOLS_PRIVATE_EXTERN = NO;
				GCC_VERSION = com.apple.compilers.llvm.clang.1_0;
				GCC_WARN_64_TO_32_BIT_CONVERSION = YES;
				GCC_WARN_ABOUT_MISSING_PROTOTYPES = YES;
				GCC_WARN_ABOUT_RETURN_TYPE = YES;
				GCC_WARN_UNUSED_VARIABLE = YES;
				MACOSX_DEPLOYMENT_TARGET = 10.6;
				ONLY_ACTIVE_ARCH = YES;
				SDKROOT = macosx;
			};
			name = Debug;
		};
		A189408914204B3C005A8AC4 /* Release */ = {
			isa = XCBuildConfiguration;
			buildSettings = {
				ALWAYS_SEARCH_USER_PATHS = NO;
				ARCHS = "$(ARCHS_STANDARD_64_BIT)";
				COPY_PHASE_STRIP = YES;
				DEBUG_INFORMATION_FORMAT = "dwarf-with-dsym";
				GCC_C_LANGUAGE_STANDARD = gnu99;
				GCC_ENABLE_OBJC_EXCEPTIONS = YES;
				GCC_VERSION = com.apple.compilers.llvm.clang.1_0;
				GCC_WARN_64_TO_32_BIT_CONVERSION = YES;
				GCC_WARN_ABOUT_MISSING_PROTOTYPES = YES;
				GCC_WARN_ABOUT_RETURN_TYPE = YES;
				GCC_WARN_UNUSED_VARIABLE = YES;
				MACOSX_DEPLOYMENT_TARGET = 10.6;
				SDKROOT = macosx;
			};
			name = Release;
		};
		A189408B14204B3C005A8AC4 /* Debug */ = {
			isa = XCBuildConfiguration;
			buildSettings = {
				GCC_PRECOMPILE_PREFIX_HEADER = YES;
				GCC_PREFIX_HEADER = "BYOB4/BYOB4-Prefix.pch";
				INFOPLIST_FILE = "BYOB4/BYOB4-Info.plist";
				MACOSX_DEPLOYMENT_TARGET = 10.7;
				PRODUCT_NAME = "$(TARGET_NAME)";
				WRAPPER_EXTENSION = app;
			};
			name = Debug;
		};
		A189408C14204B3C005A8AC4 /* Release */ = {
			isa = XCBuildConfiguration;
			buildSettings = {
				GCC_PRECOMPILE_PREFIX_HEADER = YES;
				GCC_PREFIX_HEADER = "BYOB4/BYOB4-Prefix.pch";
				INFOPLIST_FILE = "BYOB4/BYOB4-Info.plist";
				MACOSX_DEPLOYMENT_TARGET = 10.7;
				PRODUCT_NAME = "$(TARGET_NAME)";
				WRAPPER_EXTENSION = app;
			};
			name = Release;
		};
/* End XCBuildConfiguration section */

/* Begin XCConfigurationList section */
		A189406614204B3C005A8AC4 /* Build configuration list for PBXProject "BYOB4" */ = {
			isa = XCConfigurationList;
			buildConfigurations = (
				A189408814204B3C005A8AC4 /* Debug */,
				A189408914204B3C005A8AC4 /* Release */,
			);
			defaultConfigurationIsVisible = 0;
			defaultConfigurationName = Debug;
		};
		A189408A14204B3C005A8AC4 /* Build configuration list for PBXNativeTarget "BYOB4" */ = {
			isa = XCConfigurationList;
			buildConfigurations = (
				A189408B14204B3C005A8AC4 /* Debug */,
				A189408C14204B3C005A8AC4 /* Release */,
			);
			defaultConfigurationIsVisible = 0;
			defaultConfigurationName = Debug;
		};
/* End XCConfigurationList section */
	};
	rootObject = A189406314204B3C005A8AC4 /* Project object */;
}
