// !$*UTF8*$!
{
	archiveVersion = 1;
	classes = {
	};
	objectVersion = 46;
	objects = {

/* Begin PBXBuildFile section */
		A1031B3A14DEFF330064CED5 /* PDFImages.mm in Sources */ = {isa = PBXBuildFile; fileRef = A1031B3914DEFF330064CED5 /* PDFImages.mm */; };
		A1031B4414DF423B0064CED5 /* IO.mm in Sources */ = {isa = PBXBuildFile; fileRef = A1031B4314DF423B0064CED5 /* IO.mm */; };
		A12807CB14DDE1C4001EF617 /* DDCliApplication.m in Sources */ = {isa = PBXBuildFile; fileRef = A12807C314DDE1C4001EF617 /* DDCliApplication.m */; };
		A12807CC14DDE1C4001EF617 /* DDCliParseException.m in Sources */ = {isa = PBXBuildFile; fileRef = A12807C514DDE1C4001EF617 /* DDCliParseException.m */; };
		A12807CD14DDE1C4001EF617 /* DDCliUtil.m in Sources */ = {isa = PBXBuildFile; fileRef = A12807C714DDE1C4001EF617 /* DDCliUtil.m */; };
		A12807CE14DDE1C4001EF617 /* DDGetoptLongParser.m in Sources */ = {isa = PBXBuildFile; fileRef = A12807CA14DDE1C4001EF617 /* DDGetoptLongParser.m */; };
		A14F641D14E1D7CB00ACC5A9 /* JSON.mm in Sources */ = {isa = PBXBuildFile; fileRef = A14F641C14E1D7CB00ACC5A9 /* JSON.mm */; };
		A193E4AF14D24B1D001D3486 /* Foundation.framework in Frameworks */ = {isa = PBXBuildFile; fileRef = A193E4AE14D24B1D001D3486 /* Foundation.framework */; };
		A193E4B614D24B1D001D3486 /* ix4.1 in CopyFiles */ = {isa = PBXBuildFile; fileRef = A193E4B514D24B1D001D3486 /* ix4.1 */; };
		A193E4BD14D24B89001D3486 /* ix4.mm in Sources */ = {isa = PBXBuildFile; fileRef = A193E4BC14D24B89001D3486 /* ix4.mm */; };
		A193E4BF14D25062001D3486 /* Quartz.framework in Frameworks */ = {isa = PBXBuildFile; fileRef = A193E4BE14D25062001D3486 /* Quartz.framework */; };
		A193E4C114D25070001D3486 /* AppKit.framework in Frameworks */ = {isa = PBXBuildFile; fileRef = A193E4C014D25070001D3486 /* AppKit.framework */; };
/* End PBXBuildFile section */

/* Begin PBXCopyFilesBuildPhase section */
		A193E4A814D24B1C001D3486 /* CopyFiles */ = {
			isa = PBXCopyFilesBuildPhase;
			buildActionMask = 2147483647;
			dstPath = /usr/share/man/man1/;
			dstSubfolderSpec = 0;
			files = (
				A193E4B614D24B1D001D3486 /* ix4.1 in CopyFiles */,
			);
			runOnlyForDeploymentPostprocessing = 1;
		};
/* End PBXCopyFilesBuildPhase section */

/* Begin PBXFileReference section */
		A1031B3814DEFDA40064CED5 /* PDFImages.h */ = {isa = PBXFileReference; fileEncoding = 4; lastKnownFileType = sourcecode.c.h; path = PDFImages.h; sourceTree = "<group>"; };
		A1031B3914DEFF330064CED5 /* PDFImages.mm */ = {isa = PBXFileReference; fileEncoding = 4; lastKnownFileType = sourcecode.cpp.objcpp; path = PDFImages.mm; sourceTree = "<group>"; };
		A1031B4214DF41EA0064CED5 /* IO.h */ = {isa = PBXFileReference; fileEncoding = 4; lastKnownFileType = sourcecode.c.h; path = IO.h; sourceTree = "<group>"; };
		A1031B4314DF423B0064CED5 /* IO.mm */ = {isa = PBXFileReference; fileEncoding = 4; lastKnownFileType = sourcecode.cpp.objcpp; path = IO.mm; sourceTree = "<group>"; };
		A12807C214DDE1C4001EF617 /* DDCliApplication.h */ = {isa = PBXFileReference; fileEncoding = 4; lastKnownFileType = sourcecode.c.h; name = DDCliApplication.h; path = ../ddcli/lib/DDCliApplication.h; sourceTree = "<group>"; };
		A12807C314DDE1C4001EF617 /* DDCliApplication.m */ = {isa = PBXFileReference; fileEncoding = 4; lastKnownFileType = sourcecode.c.objc; name = DDCliApplication.m; path = ../ddcli/lib/DDCliApplication.m; sourceTree = "<group>"; };
		A12807C414DDE1C4001EF617 /* DDCliParseException.h */ = {isa = PBXFileReference; fileEncoding = 4; lastKnownFileType = sourcecode.c.h; name = DDCliParseException.h; path = ../ddcli/lib/DDCliParseException.h; sourceTree = "<group>"; };
		A12807C514DDE1C4001EF617 /* DDCliParseException.m */ = {isa = PBXFileReference; fileEncoding = 4; lastKnownFileType = sourcecode.c.objc; name = DDCliParseException.m; path = ../ddcli/lib/DDCliParseException.m; sourceTree = "<group>"; };
		A12807C614DDE1C4001EF617 /* DDCliUtil.h */ = {isa = PBXFileReference; fileEncoding = 4; lastKnownFileType = sourcecode.c.h; name = DDCliUtil.h; path = ../ddcli/lib/DDCliUtil.h; sourceTree = "<group>"; };
		A12807C714DDE1C4001EF617 /* DDCliUtil.m */ = {isa = PBXFileReference; fileEncoding = 4; lastKnownFileType = sourcecode.c.objc; name = DDCliUtil.m; path = ../ddcli/lib/DDCliUtil.m; sourceTree = "<group>"; };
		A12807C814DDE1C4001EF617 /* DDCommandLineInterface.h */ = {isa = PBXFileReference; fileEncoding = 4; lastKnownFileType = sourcecode.c.h; name = DDCommandLineInterface.h; path = ../ddcli/lib/DDCommandLineInterface.h; sourceTree = "<group>"; };
		A12807C914DDE1C4001EF617 /* DDGetoptLongParser.h */ = {isa = PBXFileReference; fileEncoding = 4; lastKnownFileType = sourcecode.c.h; name = DDGetoptLongParser.h; path = ../ddcli/lib/DDGetoptLongParser.h; sourceTree = "<group>"; };
		A12807CA14DDE1C4001EF617 /* DDGetoptLongParser.m */ = {isa = PBXFileReference; fileEncoding = 4; lastKnownFileType = sourcecode.c.objc; name = DDGetoptLongParser.m; path = ../ddcli/lib/DDGetoptLongParser.m; sourceTree = "<group>"; };
		A14F641B14E1D7CB00ACC5A9 /* JSON.h */ = {isa = PBXFileReference; fileEncoding = 4; lastKnownFileType = sourcecode.c.h; path = JSON.h; sourceTree = "<group>"; };
		A14F641C14E1D7CB00ACC5A9 /* JSON.mm */ = {isa = PBXFileReference; fileEncoding = 4; lastKnownFileType = sourcecode.cpp.objcpp; path = JSON.mm; sourceTree = "<group>"; };
		A193E4AA14D24B1D001D3486 /* ix4 */ = {isa = PBXFileReference; explicitFileType = "compiled.mach-o.executable"; includeInIndex = 0; path = ix4; sourceTree = BUILT_PRODUCTS_DIR; };
		A193E4AE14D24B1D001D3486 /* Foundation.framework */ = {isa = PBXFileReference; lastKnownFileType = wrapper.framework; name = Foundation.framework; path = System/Library/Frameworks/Foundation.framework; sourceTree = SDKROOT; };
		A193E4B414D24B1D001D3486 /* ix4-Prefix.pch */ = {isa = PBXFileReference; lastKnownFileType = sourcecode.c.h; path = "ix4-Prefix.pch"; sourceTree = "<group>"; };
		A193E4B514D24B1D001D3486 /* ix4.1 */ = {isa = PBXFileReference; lastKnownFileType = text.man; path = ix4.1; sourceTree = "<group>"; };
		A193E4BC14D24B89001D3486 /* ix4.mm */ = {isa = PBXFileReference; fileEncoding = 4; lastKnownFileType = sourcecode.cpp.objcpp; path = ix4.mm; sourceTree = "<group>"; };
		A193E4BE14D25062001D3486 /* Quartz.framework */ = {isa = PBXFileReference; lastKnownFileType = wrapper.framework; name = Quartz.framework; path = ../../../../../System/Library/Frameworks/Quartz.framework; sourceTree = "<group>"; };
		A193E4C014D25070001D3486 /* AppKit.framework */ = {isa = PBXFileReference; lastKnownFileType = wrapper.framework; name = AppKit.framework; path = ../../../../../System/Library/Frameworks/AppKit.framework; sourceTree = "<group>"; };
/* End PBXFileReference section */

/* Begin PBXFrameworksBuildPhase section */
		A193E4A714D24B1C001D3486 /* Frameworks */ = {
			isa = PBXFrameworksBuildPhase;
			buildActionMask = 2147483647;
			files = (
				A193E4AF14D24B1D001D3486 /* Foundation.framework in Frameworks */,
				A193E4BF14D25062001D3486 /* Quartz.framework in Frameworks */,
				A193E4C114D25070001D3486 /* AppKit.framework in Frameworks */,
			);
			runOnlyForDeploymentPostprocessing = 0;
		};
/* End PBXFrameworksBuildPhase section */

/* Begin PBXGroup section */
		A123C09314DDC959003AE23E /* DDcli */ = {
			isa = PBXGroup;
			children = (
				A12807C214DDE1C4001EF617 /* DDCliApplication.h */,
				A12807C314DDE1C4001EF617 /* DDCliApplication.m */,
				A12807C414DDE1C4001EF617 /* DDCliParseException.h */,
				A12807C514DDE1C4001EF617 /* DDCliParseException.m */,
				A12807C614DDE1C4001EF617 /* DDCliUtil.h */,
				A12807C714DDE1C4001EF617 /* DDCliUtil.m */,
				A12807C814DDE1C4001EF617 /* DDCommandLineInterface.h */,
				A12807C914DDE1C4001EF617 /* DDGetoptLongParser.h */,
				A12807CA14DDE1C4001EF617 /* DDGetoptLongParser.m */,
			);
			name = DDcli;
			sourceTree = "<group>";
		};
		A193E49F14D24B1C001D3486 = {
			isa = PBXGroup;
			children = (
				A123C09314DDC959003AE23E /* DDcli */,
				A193E4B014D24B1D001D3486 /* ix4 */,
				A193E4AD14D24B1D001D3486 /* Frameworks */,
				A193E4AB14D24B1D001D3486 /* Products */,
			);
			sourceTree = "<group>";
		};
		A193E4AB14D24B1D001D3486 /* Products */ = {
			isa = PBXGroup;
			children = (
				A193E4AA14D24B1D001D3486 /* ix4 */,
			);
			name = Products;
			sourceTree = "<group>";
		};
		A193E4AD14D24B1D001D3486 /* Frameworks */ = {
			isa = PBXGroup;
			children = (
				A193E4C014D25070001D3486 /* AppKit.framework */,
				A193E4BE14D25062001D3486 /* Quartz.framework */,
				A193E4AE14D24B1D001D3486 /* Foundation.framework */,
			);
			name = Frameworks;
			sourceTree = "<group>";
		};
		A193E4B014D24B1D001D3486 /* ix4 */ = {
			isa = PBXGroup;
			children = (
				A193E4BC14D24B89001D3486 /* ix4.mm */,
				A193E4B514D24B1D001D3486 /* ix4.1 */,
				A1031B4214DF41EA0064CED5 /* IO.h */,
				A1031B4314DF423B0064CED5 /* IO.mm */,
				A14F641B14E1D7CB00ACC5A9 /* JSON.h */,
				A14F641C14E1D7CB00ACC5A9 /* JSON.mm */,
				A1031B3814DEFDA40064CED5 /* PDFImages.h */,
				A1031B3914DEFF330064CED5 /* PDFImages.mm */,
				A193E4B314D24B1D001D3486 /* Supporting Files */,
			);
			path = ix4;
			sourceTree = "<group>";
		};
		A193E4B314D24B1D001D3486 /* Supporting Files */ = {
			isa = PBXGroup;
			children = (
				A193E4B414D24B1D001D3486 /* ix4-Prefix.pch */,
			);
			name = "Supporting Files";
			sourceTree = "<group>";
		};
/* End PBXGroup section */

/* Begin PBXNativeTarget section */
		A193E4A914D24B1C001D3486 /* ix4 */ = {
			isa = PBXNativeTarget;
			buildConfigurationList = A193E4B914D24B1D001D3486 /* Build configuration list for PBXNativeTarget "ix4" */;
			buildPhases = (
				A193E4A614D24B1C001D3486 /* Sources */,
				A193E4A714D24B1C001D3486 /* Frameworks */,
				A193E4A814D24B1C001D3486 /* CopyFiles */,
			);
			buildRules = (
			);
			dependencies = (
			);
			name = ix4;
			productName = ix4;
			productReference = A193E4AA14D24B1D001D3486 /* ix4 */;
			productType = "com.apple.product-type.tool";
		};
/* End PBXNativeTarget section */

/* Begin PBXProject section */
		A193E4A114D24B1C001D3486 /* Project object */ = {
			isa = PBXProject;
			attributes = {
				LastUpgradeCheck = 0420;
			};
			buildConfigurationList = A193E4A414D24B1C001D3486 /* Build configuration list for PBXProject "ix4" */;
			compatibilityVersion = "Xcode 3.2";
			developmentRegion = English;
			hasScannedForEncodings = 0;
			knownRegions = (
				en,
			);
			mainGroup = A193E49F14D24B1C001D3486;
			productRefGroup = A193E4AB14D24B1D001D3486 /* Products */;
			projectDirPath = "";
			projectRoot = "";
			targets = (
				A193E4A914D24B1C001D3486 /* ix4 */,
			);
		};
/* End PBXProject section */

/* Begin PBXSourcesBuildPhase section */
		A193E4A614D24B1C001D3486 /* Sources */ = {
			isa = PBXSourcesBuildPhase;
			buildActionMask = 2147483647;
			files = (
				A193E4BD14D24B89001D3486 /* ix4.mm in Sources */,
				A12807CB14DDE1C4001EF617 /* DDCliApplication.m in Sources */,
				A12807CC14DDE1C4001EF617 /* DDCliParseException.m in Sources */,
				A12807CD14DDE1C4001EF617 /* DDCliUtil.m in Sources */,
				A12807CE14DDE1C4001EF617 /* DDGetoptLongParser.m in Sources */,
				A1031B3A14DEFF330064CED5 /* PDFImages.mm in Sources */,
				A1031B4414DF423B0064CED5 /* IO.mm in Sources */,
				A14F641D14E1D7CB00ACC5A9 /* JSON.mm in Sources */,
			);
			runOnlyForDeploymentPostprocessing = 0;
		};
/* End PBXSourcesBuildPhase section */

/* Begin XCBuildConfiguration section */
		A193E4B714D24B1D001D3486 /* Debug */ = {
			isa = XCBuildConfiguration;
			buildSettings = {
				ALWAYS_SEARCH_USER_PATHS = NO;
				ARCHS = "$(ARCHS_STANDARD_64_BIT)";
				CLANG_ENABLE_OBJC_ARC = NO;
				COPY_PHASE_STRIP = NO;
				DEBUG_INFORMATION_FORMAT = dwarf;
				GCC_C_LANGUAGE_STANDARD = gnu99;
				GCC_DYNAMIC_NO_PIC = NO;
				GCC_ENABLE_OBJC_EXCEPTIONS = YES;
				GCC_OPTIMIZATION_LEVEL = 0;
				GCC_PREPROCESSOR_DEFINITIONS = (
					"DEBUG=1",
					"$(inherited)",
				);
				GCC_SYMBOLS_PRIVATE_EXTERN = NO;
				GCC_VERSION = com.apple.compilers.llvm.clang.1_0;
				GCC_WARN_64_TO_32_BIT_CONVERSION = YES;
				GCC_WARN_ABOUT_MISSING_PROTOTYPES = YES;
				GCC_WARN_ABOUT_RETURN_TYPE = YES;
				GCC_WARN_UNUSED_VARIABLE = YES;
				MACOSX_DEPLOYMENT_TARGET = 10.7;
				ONLY_ACTIVE_ARCH = YES;
				PRODUCT_NAME = ix4;
				SDKROOT = macosx;
			};
			name = Debug;
		};
		A193E4B814D24B1D001D3486 /* Release */ = {
			isa = XCBuildConfiguration;
			buildSettings = {
				ALWAYS_SEARCH_USER_PATHS = NO;
				ARCHS = "$(ARCHS_STANDARD_64_BIT)";
				CLANG_ENABLE_OBJC_ARC = NO;
				COPY_PHASE_STRIP = YES;
				DEBUG_INFORMATION_FORMAT = dwarf;
				GCC_C_LANGUAGE_STANDARD = gnu99;
				GCC_ENABLE_OBJC_EXCEPTIONS = YES;
				GCC_VERSION = com.apple.compilers.llvm.clang.1_0;
				GCC_WARN_64_TO_32_BIT_CONVERSION = YES;
				GCC_WARN_ABOUT_MISSING_PROTOTYPES = YES;
				GCC_WARN_ABOUT_RETURN_TYPE = YES;
				GCC_WARN_UNUSED_VARIABLE = YES;
				MACOSX_DEPLOYMENT_TARGET = 10.7;
				ONLY_ACTIVE_ARCH = YES;
				PRODUCT_NAME = ix4;
				SDKROOT = macosx;
			};
			name = Release;
		};
		A193E4BA14D24B1D001D3486 /* Debug */ = {
			isa = XCBuildConfiguration;
			buildSettings = {
				GCC_PRECOMPILE_PREFIX_HEADER = YES;
				GCC_PREFIX_HEADER = "ix4/ix4-Prefix.pch";
				PRODUCT_NAME = "$(TARGET_NAME)";
			};
			name = Debug;
		};
		A193E4BB14D24B1D001D3486 /* Release */ = {
			isa = XCBuildConfiguration;
			buildSettings = {
				GCC_PRECOMPILE_PREFIX_HEADER = YES;
				GCC_PREFIX_HEADER = "ix4/ix4-Prefix.pch";
				PRODUCT_NAME = "$(TARGET_NAME)";
			};
			name = Release;
		};
/* End XCBuildConfiguration section */

/* Begin XCConfigurationList section */
		A193E4A414D24B1C001D3486 /* Build configuration list for PBXProject "ix4" */ = {
			isa = XCConfigurationList;
			buildConfigurations = (
				A193E4B714D24B1D001D3486 /* Debug */,
				A193E4B814D24B1D001D3486 /* Release */,
			);
			defaultConfigurationIsVisible = 0;
			defaultConfigurationName = Release;
		};
		A193E4B914D24B1D001D3486 /* Build configuration list for PBXNativeTarget "ix4" */ = {
			isa = XCConfigurationList;
			buildConfigurations = (
				A193E4BA14D24B1D001D3486 /* Debug */,
				A193E4BB14D24B1D001D3486 /* Release */,
			);
			defaultConfigurationIsVisible = 0;
			defaultConfigurationName = Release;
		};
/* End XCConfigurationList section */
	};
	rootObject = A193E4A114D24B1C001D3486 /* Project object */;
}
